
Microsoft Visual Studio Solution File, Format Version 12.00
# Visual Studio Version 17
VisualStudioVersion = 17.4.33213.308
MinimumVisualStudioVersion = 10.0.40219.1
Project("{FAE04EC0-301F-11D3-BF4B-00C04F79EFBC}") = "HouseServiceApp", "HouseServiceApp\HouseServiceApp.csproj", "{C323141C-B401-41E0-BA7A-0D07D0EDE082}"
EndProject
Project("{FAE04EC0-301F-11D3-BF4B-00C04F79EFBC}") = "HouseServiceRepositories", "HouseServiceRepositories\HouseServiceRepositories.csproj", "{AA469550-7010-472C-A588-E9B33ACB67E3}"
EndProject
Global
	GlobalSection(SolutionConfigurationPlatforms) = preSolution
		Debug|Any CPU = Debug|Any CPU
		Release|Any CPU = Release|Any CPU
	EndGlobalSection
	GlobalSection(ProjectConfigurationPlatforms) = postSolution
		{C323141C-B401-41E0-BA7A-0D07D0EDE082}.Debug|Any CPU.ActiveCfg = Debug|Any CPU
		{C323141C-B401-41E0-BA7A-0D07D0EDE082}.Debug|Any CPU.Build.0 = Debug|Any CPU
		{C323141C-B401-41E0-BA7A-0D07D0EDE082}.Release|Any CPU.ActiveCfg = Release|Any CPU
		{C323141C-B401-41E0-BA7A-0D07D0EDE082}.Release|Any CPU.Build.0 = Release|Any CPU
		{AA469550-7010-472C-A588-E9B33ACB67E3}.Debug|Any CPU.ActiveCfg = Debug|Any CPU
		{AA469550-7010-472C-A588-E9B33ACB67E3}.Debug|Any CPU.Build.0 = Debug|Any CPU
		{AA469550-7010-472C-A588-E9B33ACB67E3}.Release|Any CPU.ActiveCfg = Release|Any CPU
		{AA469550-7010-472C-A588-E9B33ACB67E3}.Release|Any CPU.Build.0 = Release|Any CPU
	EndGlobalSection
	GlobalSection(SolutionProperties) = preSolution
		HideSolutionNode = FALSE
	EndGlobalSection
	GlobalSection(ExtensibilityGlobals) = postSolution
		SolutionGuid = {4AEAFB51-0DCF-4D81-8F20-E4170B492BCF}
	EndGlobalSection
EndGlobal
